// !$*UTF8*$!
{
	archiveVersion = 1;
	classes = {
	};
	objectVersion = 46;
	objects = {

/* Begin PBXBuildFile section */
		CB5B22D51F16733C00671B44 /* opencv2.framework in Frameworks */ = {isa = PBXBuildFile; fileRef = CB5B22D31F16732400671B44 /* opencv2.framework */; };
		CB69625C1F126E2F00DF54D2 /* main.m in Sources */ = {isa = PBXBuildFile; fileRef = CB69625B1F126E2F00DF54D2 /* main.m */; };
		CB69625F1F126E2F00DF54D2 /* AppDelegate.m in Sources */ = {isa = PBXBuildFile; fileRef = CB69625E1F126E2F00DF54D2 /* AppDelegate.m */; };
		CB6962621F126E2F00DF54D2 /* ViewController.m in Sources */ = {isa = PBXBuildFile; fileRef = CB6962611F126E2F00DF54D2 /* ViewController.m */; };
		CB6962651F126E2F00DF54D2 /* Main.storyboard in Resources */ = {isa = PBXBuildFile; fileRef = CB6962631F126E2F00DF54D2 /* Main.storyboard */; };
		CB6962671F126E2F00DF54D2 /* Assets.xcassets in Resources */ = {isa = PBXBuildFile; fileRef = CB6962661F126E2F00DF54D2 /* Assets.xcassets */; };
		CB69626A1F126E2F00DF54D2 /* LaunchScreen.storyboard in Resources */ = {isa = PBXBuildFile; fileRef = CB6962681F126E2F00DF54D2 /* LaunchScreen.storyboard */; };
		CB6962801F126E7700DF54D2 /* UIImageView+ContentFrame.m in Sources */ = {isa = PBXBuildFile; fileRef = CB6962731F126E7700DF54D2 /* UIImageView+ContentFrame.m */; };
		CB6962811F126E7700DF54D2 /* CropViewController.mm in Sources */ = {isa = PBXBuildFile; fileRef = CB6962761F126E7700DF54D2 /* CropViewController.mm */; };
		CB6962821F126E7700DF54D2 /* MMCropView.m in Sources */ = {isa = PBXBuildFile; fileRef = CB6962791F126E7700DF54D2 /* MMCropView.m */; };
		CB6962831F126E7700DF54D2 /* MMOpenCVHelper.mm in Sources */ = {isa = PBXBuildFile; fileRef = CB69627B1F126E7700DF54D2 /* MMOpenCVHelper.mm */; };
		CB6962841F126E7700DF54D2 /* MTGeometry.c in Sources */ = {isa = PBXBuildFile; fileRef = CB69627C1F126E7700DF54D2 /* MTGeometry.c */; };
		CB69628B1F126F4B00DF54D2 /* CoreTelephony.framework in Frameworks */ = {isa = PBXBuildFile; fileRef = CB69628A1F126F4B00DF54D2 /* CoreTelephony.framework */; };
		CB69628D1F126F5100DF54D2 /* CoreGraphics.framework in Frameworks */ = {isa = PBXBuildFile; fileRef = CB69628C1F126F5100DF54D2 /* CoreGraphics.framework */; };
		CB69628F1F126F5600DF54D2 /* CoreImage.framework in Frameworks */ = {isa = PBXBuildFile; fileRef = CB69628E1F126F5600DF54D2 /* CoreImage.framework */; };
		CB6962911F126F5B00DF54D2 /* Foundation.framework in Frameworks */ = {isa = PBXBuildFile; fileRef = CB6962901F126F5B00DF54D2 /* Foundation.framework */; };
		CB6962931F126F6000DF54D2 /* UIKit.framework in Frameworks */ = {isa = PBXBuildFile; fileRef = CB6962921F126F6000DF54D2 /* UIKit.framework */; };
		CB6962951F126F6500DF54D2 /* CoreMedia.framework in Frameworks */ = {isa = PBXBuildFile; fileRef = CB6962941F126F6500DF54D2 /* CoreMedia.framework */; };
		CB6962971F126F6B00DF54D2 /* libstdc++.tbd in Frameworks */ = {isa = PBXBuildFile; fileRef = CB6962961F126F6B00DF54D2 /* libstdc++.tbd */; };
		CB6962991F126F7200DF54D2 /* AssetsLibrary.framework in Frameworks */ = {isa = PBXBuildFile; fileRef = CB6962981F126F7200DF54D2 /* AssetsLibrary.framework */; };
		CB69629B1F126F7900DF54D2 /* AVFoundation.framework in Frameworks */ = {isa = PBXBuildFile; fileRef = CB69629A1F126F7900DF54D2 /* AVFoundation.framework */; };
		CB69629D1F126F7E00DF54D2 /* MobileCoreServices.framework in Frameworks */ = {isa = PBXBuildFile; fileRef = CB69629C1F126F7E00DF54D2 /* MobileCoreServices.framework */; };
		CBA668AB1F473094001AC4AD /* opencv2.framework in Frameworks */ = {isa = PBXBuildFile; fileRef = CB5B22D31F16732400671B44 /* opencv2.framework */; };
		CBA668AC1F473094001AC4AD /* opencv2.framework in Embed Frameworks */ = {isa = PBXBuildFile; fileRef = CB5B22D31F16732400671B44 /* opencv2.framework */; settings = {ATTRIBUTES = (CodeSignOnCopy, RemoveHeadersOnCopy, ); }; };
/* End PBXBuildFile section */

/* Begin PBXCopyFilesBuildPhase section */
		CBA668AD1F473094001AC4AD /* Embed Frameworks */ = {
			isa = PBXCopyFilesBuildPhase;
			buildActionMask = 2147483647;
			dstPath = "";
			dstSubfolderSpec = 10;
			files = (
				CBA668AC1F473094001AC4AD /* opencv2.framework in Embed Frameworks */,
			);
			name = "Embed Frameworks";
			runOnlyForDeploymentPostprocessing = 0;
		};
/* End PBXCopyFilesBuildPhase section */

/* Begin PBXFileReference section */
		CB5B22D31F16732400671B44 /* opencv2.framework */ = {isa = PBXFileReference; lastKnownFileType = wrapper.framework; path = opencv2.framework; sourceTree = "<group>"; };
		CB6962571F126E2F00DF54D2 /* FDOpenCVDemo.app */ = {isa = PBXFileReference; explicitFileType = wrapper.application; includeInIndex = 0; path = FDOpenCVDemo.app; sourceTree = BUILT_PRODUCTS_DIR; };
		CB69625B1F126E2F00DF54D2 /* main.m */ = {isa = PBXFileReference; lastKnownFileType = sourcecode.c.objc; path = main.m; sourceTree = "<group>"; };
		CB69625D1F126E2F00DF54D2 /* AppDelegate.h */ = {isa = PBXFileReference; lastKnownFileType = sourcecode.c.h; path = AppDelegate.h; sourceTree = "<group>"; };
		CB69625E1F126E2F00DF54D2 /* AppDelegate.m */ = {isa = PBXFileReference; lastKnownFileType = sourcecode.c.objc; path = AppDelegate.m; sourceTree = "<group>"; };
		CB6962601F126E2F00DF54D2 /* ViewController.h */ = {isa = PBXFileReference; lastKnownFileType = sourcecode.c.h; path = ViewController.h; sourceTree = "<group>"; };
		CB6962611F126E2F00DF54D2 /* ViewController.m */ = {isa = PBXFileReference; lastKnownFileType = sourcecode.c.objc; path = ViewController.m; sourceTree = "<group>"; };
		CB6962641F126E2F00DF54D2 /* Base */ = {isa = PBXFileReference; lastKnownFileType = file.storyboard; name = Base; path = Base.lproj/Main.storyboard; sourceTree = "<group>"; };
		CB6962661F126E2F00DF54D2 /* Assets.xcassets */ = {isa = PBXFileReference; lastKnownFileType = folder.assetcatalog; path = Assets.xcassets; sourceTree = "<group>"; };
		CB6962691F126E2F00DF54D2 /* Base */ = {isa = PBXFileReference; lastKnownFileType = file.storyboard; name = Base; path = Base.lproj/LaunchScreen.storyboard; sourceTree = "<group>"; };
		CB69626B1F126E2F00DF54D2 /* Info.plist */ = {isa = PBXFileReference; lastKnownFileType = text.plist.xml; path = Info.plist; sourceTree = "<group>"; };
		CB6962721F126E7700DF54D2 /* UIImageView+ContentFrame.h */ = {isa = PBXFileReference; fileEncoding = 4; lastKnownFileType = sourcecode.c.h; path = "UIImageView+ContentFrame.h"; sourceTree = "<group>"; };
		CB6962731F126E7700DF54D2 /* UIImageView+ContentFrame.m */ = {isa = PBXFileReference; fileEncoding = 4; lastKnownFileType = sourcecode.c.objc; path = "UIImageView+ContentFrame.m"; sourceTree = "<group>"; };
		CB6962751F126E7700DF54D2 /* CropViewController.h */ = {isa = PBXFileReference; fileEncoding = 4; lastKnownFileType = sourcecode.c.h; path = CropViewController.h; sourceTree = "<group>"; };
		CB6962761F126E7700DF54D2 /* CropViewController.mm */ = {isa = PBXFileReference; fileEncoding = 4; lastKnownFileType = sourcecode.cpp.objcpp; path = CropViewController.mm; sourceTree = "<group>"; };
		CB6962781F126E7700DF54D2 /* MMCropView.h */ = {isa = PBXFileReference; fileEncoding = 4; lastKnownFileType = sourcecode.c.h; path = MMCropView.h; sourceTree = "<group>"; };
		CB6962791F126E7700DF54D2 /* MMCropView.m */ = {isa = PBXFileReference; fileEncoding = 4; lastKnownFileType = sourcecode.c.objc; path = MMCropView.m; sourceTree = "<group>"; };
		CB69627A1F126E7700DF54D2 /* MMOpenCVHelper.h */ = {isa = PBXFileReference; fileEncoding = 4; lastKnownFileType = sourcecode.c.h; path = MMOpenCVHelper.h; sourceTree = "<group>"; };
		CB69627B1F126E7700DF54D2 /* MMOpenCVHelper.mm */ = {isa = PBXFileReference; fileEncoding = 4; lastKnownFileType = sourcecode.cpp.objcpp; path = MMOpenCVHelper.mm; sourceTree = "<group>"; };
		CB69627C1F126E7700DF54D2 /* MTGeometry.c */ = {isa = PBXFileReference; fileEncoding = 4; lastKnownFileType = sourcecode.c.c; path = MTGeometry.c; sourceTree = "<group>"; };
		CB69627D1F126E7700DF54D2 /* MTGeometry.h */ = {isa = PBXFileReference; fileEncoding = 4; lastKnownFileType = sourcecode.c.h; path = MTGeometry.h; sourceTree = "<group>"; };
		CB69627F1F126E7700DF54D2 /* PrefixHeader.pch */ = {isa = PBXFileReference; fileEncoding = 4; lastKnownFileType = sourcecode.c.h; path = PrefixHeader.pch; sourceTree = "<group>"; };
		CB69628A1F126F4B00DF54D2 /* CoreTelephony.framework */ = {isa = PBXFileReference; lastKnownFileType = wrapper.framework; name = CoreTelephony.framework; path = System/Library/Frameworks/CoreTelephony.framework; sourceTree = SDKROOT; };
		CB69628C1F126F5100DF54D2 /* CoreGraphics.framework */ = {isa = PBXFileReference; lastKnownFileType = wrapper.framework; name = CoreGraphics.framework; path = System/Library/Frameworks/CoreGraphics.framework; sourceTree = SDKROOT; };
		CB69628E1F126F5600DF54D2 /* CoreImage.framework */ = {isa = PBXFileReference; lastKnownFileType = wrapper.framework; name = CoreImage.framework; path = System/Library/Frameworks/CoreImage.framework; sourceTree = SDKROOT; };
		CB6962901F126F5B00DF54D2 /* Foundation.framework */ = {isa = PBXFileReference; lastKnownFileType = wrapper.framework; name = Foundation.framework; path = System/Library/Frameworks/Foundation.framework; sourceTree = SDKROOT; };
		CB6962921F126F6000DF54D2 /* UIKit.framework */ = {isa = PBXFileReference; lastKnownFileType = wrapper.framework; name = UIKit.framework; path = System/Library/Frameworks/UIKit.framework; sourceTree = SDKROOT; };
		CB6962941F126F6500DF54D2 /* CoreMedia.framework */ = {isa = PBXFileReference; lastKnownFileType = wrapper.framework; name = CoreMedia.framework; path = System/Library/Frameworks/CoreMedia.framework; sourceTree = SDKROOT; };
		CB6962961F126F6B00DF54D2 /* libstdc++.tbd */ = {isa = PBXFileReference; lastKnownFileType = "sourcecode.text-based-dylib-definition"; name = "libstdc++.tbd"; path = "usr/lib/libstdc++.tbd"; sourceTree = SDKROOT; };
		CB6962981F126F7200DF54D2 /* AssetsLibrary.framework */ = {isa = PBXFileReference; lastKnownFileType = wrapper.framework; name = AssetsLibrary.framework; path = System/Library/Frameworks/AssetsLibrary.framework; sourceTree = SDKROOT; };
		CB69629A1F126F7900DF54D2 /* AVFoundation.framework */ = {isa = PBXFileReference; lastKnownFileType = wrapper.framework; name = AVFoundation.framework; path = System/Library/Frameworks/AVFoundation.framework; sourceTree = SDKROOT; };
		CB69629C1F126F7E00DF54D2 /* MobileCoreServices.framework */ = {isa = PBXFileReference; lastKnownFileType = wrapper.framework; name = MobileCoreServices.framework; path = System/Library/Frameworks/MobileCoreServices.framework; sourceTree = SDKROOT; };
/* End PBXFileReference section */

/* Begin PBXFrameworksBuildPhase section */
		CB6962541F126E2F00DF54D2 /* Frameworks */ = {
			isa = PBXFrameworksBuildPhase;
			buildActionMask = 2147483647;
			files = (
				CB69629D1F126F7E00DF54D2 /* MobileCoreServices.framework in Frameworks */,
				CB69629B1F126F7900DF54D2 /* AVFoundation.framework in Frameworks */,
				CB6962991F126F7200DF54D2 /* AssetsLibrary.framework in Frameworks */,
				CB6962971F126F6B00DF54D2 /* libstdc++.tbd in Frameworks */,
				CB6962951F126F6500DF54D2 /* CoreMedia.framework in Frameworks */,
				CB6962931F126F6000DF54D2 /* UIKit.framework in Frameworks */,
				CBA668AB1F473094001AC4AD /* opencv2.framework in Frameworks */,
				CB5B22D51F16733C00671B44 /* opencv2.framework in Frameworks */,
				CB6962911F126F5B00DF54D2 /* Foundation.framework in Frameworks */,
				CB69628F1F126F5600DF54D2 /* CoreImage.framework in Frameworks */,
				CB69628D1F126F5100DF54D2 /* CoreGraphics.framework in Frameworks */,
				CB69628B1F126F4B00DF54D2 /* CoreTelephony.framework in Frameworks */,
			);
			runOnlyForDeploymentPostprocessing = 0;
		};
/* End PBXFrameworksBuildPhase section */

/* Begin PBXGroup section */
		CB69624E1F126E2F00DF54D2 = {
			isa = PBXGroup;
			children = (
				CB6962591F126E2F00DF54D2 /* FDOpenCVDemo */,
				CB6962581F126E2F00DF54D2 /* Products */,
				CB6962891F126F4B00DF54D2 /* Frameworks */,
			);
			sourceTree = "<group>";
		};
		CB6962581F126E2F00DF54D2 /* Products */ = {
			isa = PBXGroup;
			children = (
				CB6962571F126E2F00DF54D2 /* FDOpenCVDemo.app */,
			);
			name = Products;
			sourceTree = "<group>";
		};
		CB6962591F126E2F00DF54D2 /* FDOpenCVDemo */ = {
			isa = PBXGroup;
			children = (
				CB6962711F126E7700DF54D2 /* Category */,
				CB6962741F126E7700DF54D2 /* Crop */,
				CB6962771F126E7700DF54D2 /* OpenCV */,
				CB69627F1F126E7700DF54D2 /* PrefixHeader.pch */,
				CB69625D1F126E2F00DF54D2 /* AppDelegate.h */,
				CB69625E1F126E2F00DF54D2 /* AppDelegate.m */,
				CB6962601F126E2F00DF54D2 /* ViewController.h */,
				CB6962611F126E2F00DF54D2 /* ViewController.m */,
				CB6962631F126E2F00DF54D2 /* Main.storyboard */,
				CB6962661F126E2F00DF54D2 /* Assets.xcassets */,
				CB6962681F126E2F00DF54D2 /* LaunchScreen.storyboard */,
				CB69626B1F126E2F00DF54D2 /* Info.plist */,
				CB69625A1F126E2F00DF54D2 /* Supporting Files */,
			);
			path = FDOpenCVDemo;
			sourceTree = "<group>";
		};
		CB69625A1F126E2F00DF54D2 /* Supporting Files */ = {
			isa = PBXGroup;
			children = (
				CB69625B1F126E2F00DF54D2 /* main.m */,
			);
			name = "Supporting Files";
			sourceTree = "<group>";
		};
		CB6962711F126E7700DF54D2 /* Category */ = {
			isa = PBXGroup;
			children = (
				CB6962721F126E7700DF54D2 /* UIImageView+ContentFrame.h */,
				CB6962731F126E7700DF54D2 /* UIImageView+ContentFrame.m */,
			);
			path = Category;
			sourceTree = "<group>";
		};
		CB6962741F126E7700DF54D2 /* Crop */ = {
			isa = PBXGroup;
			children = (
				CB6962751F126E7700DF54D2 /* CropViewController.h */,
				CB6962761F126E7700DF54D2 /* CropViewController.mm */,
			);
			path = Crop;
			sourceTree = "<group>";
		};
		CB6962771F126E7700DF54D2 /* OpenCV */ = {
			isa = PBXGroup;
			children = (
				CB5B22D31F16732400671B44 /* opencv2.framework */,
				CB6962781F126E7700DF54D2 /* MMCropView.h */,
				CB6962791F126E7700DF54D2 /* MMCropView.m */,
				CB69627A1F126E7700DF54D2 /* MMOpenCVHelper.h */,
				CB69627B1F126E7700DF54D2 /* MMOpenCVHelper.mm */,
				CB69627C1F126E7700DF54D2 /* MTGeometry.c */,
				CB69627D1F126E7700DF54D2 /* MTGeometry.h */,
			);
			path = OpenCV;
			sourceTree = "<group>";
		};
		CB6962891F126F4B00DF54D2 /* Frameworks */ = {
			isa = PBXGroup;
			children = (
				CB69629C1F126F7E00DF54D2 /* MobileCoreServices.framework */,
				CB69629A1F126F7900DF54D2 /* AVFoundation.framework */,
				CB6962981F126F7200DF54D2 /* AssetsLibrary.framework */,
				CB6962961F126F6B00DF54D2 /* libstdc++.tbd */,
				CB6962941F126F6500DF54D2 /* CoreMedia.framework */,
				CB6962921F126F6000DF54D2 /* UIKit.framework */,
				CB6962901F126F5B00DF54D2 /* Foundation.framework */,
				CB69628E1F126F5600DF54D2 /* CoreImage.framework */,
				CB69628C1F126F5100DF54D2 /* CoreGraphics.framework */,
				CB69628A1F126F4B00DF54D2 /* CoreTelephony.framework */,
			);
			name = Frameworks;
			sourceTree = "<group>";
		};
/* End PBXGroup section */

/* Begin PBXNativeTarget section */
		CB6962561F126E2F00DF54D2 /* FDOpenCVDemo */ = {
			isa = PBXNativeTarget;
			buildConfigurationList = CB69626E1F126E2F00DF54D2 /* Build configuration list for PBXNativeTarget "FDOpenCVDemo" */;
			buildPhases = (
				CB6962531F126E2F00DF54D2 /* Sources */,
				CB6962541F126E2F00DF54D2 /* Frameworks */,
				CB6962551F126E2F00DF54D2 /* Resources */,
				CBA668AD1F473094001AC4AD /* Embed Frameworks */,
			);
			buildRules = (
			);
			dependencies = (
			);
			name = FDOpenCVDemo;
			productName = FDOpenCVDemo;
			productReference = CB6962571F126E2F00DF54D2 /* FDOpenCVDemo.app */;
			productType = "com.apple.product-type.application";
		};
/* End PBXNativeTarget section */

/* Begin PBXProject section */
		CB69624F1F126E2F00DF54D2 /* Project object */ = {
			isa = PBXProject;
			attributes = {
				LastUpgradeCheck = 0830;
				ORGANIZATIONNAME = fandong;
				TargetAttributes = {
					CB6962561F126E2F00DF54D2 = {
						CreatedOnToolsVersion = 8.3.3;
						DevelopmentTeam = F9N98X7P4L;
						ProvisioningStyle = Automatic;
					};
				};
			};
			buildConfigurationList = CB6962521F126E2F00DF54D2 /* Build configuration list for PBXProject "FDOpenCVDemo" */;
			compatibilityVersion = "Xcode 3.2";
			developmentRegion = English;
			hasScannedForEncodings = 0;
			knownRegions = (
				en,
				Base,
			);
			mainGroup = CB69624E1F126E2F00DF54D2;
			productRefGroup = CB6962581F126E2F00DF54D2 /* Products */;
			projectDirPath = "";
			projectRoot = "";
			targets = (
				CB6962561F126E2F00DF54D2 /* FDOpenCVDemo */,
			);
		};
/* End PBXProject section */

/* Begin PBXResourcesBuildPhase section */
		CB6962551F126E2F00DF54D2 /* Resources */ = {
			isa = PBXResourcesBuildPhase;
			buildActionMask = 2147483647;
			files = (
				CB69626A1F126E2F00DF54D2 /* LaunchScreen.storyboard in Resources */,
				CB6962671F126E2F00DF54D2 /* Assets.xcassets in Resources */,
				CB6962651F126E2F00DF54D2 /* Main.storyboard in Resources */,
			);
			runOnlyForDeploymentPostprocessing = 0;
		};
/* End PBXResourcesBuildPhase section */

/* Begin PBXSourcesBuildPhase section */
		CB6962531F126E2F00DF54D2 /* Sources */ = {
			isa = PBXSourcesBuildPhase;
			buildActionMask = 2147483647;
			files = (
				CB6962621F126E2F00DF54D2 /* ViewController.m in Sources */,
				CB69625F1F126E2F00DF54D2 /* AppDelegate.m in Sources */,
				CB6962841F126E7700DF54D2 /* MTGeometry.c in Sources */,
				CB6962831F126E7700DF54D2 /* MMOpenCVHelper.mm in Sources */,
				CB6962821F126E7700DF54D2 /* MMCropView.m in Sources */,
				CB6962801F126E7700DF54D2 /* UIImageView+ContentFrame.m in Sources */,
				CB6962811F126E7700DF54D2 /* CropViewController.mm in Sources */,
				CB69625C1F126E2F00DF54D2 /* main.m in Sources */,
			);
			runOnlyForDeploymentPostprocessing = 0;
		};
/* End PBXSourcesBuildPhase section */

/* Begin PBXVariantGroup section */
		CB6962631F126E2F00DF54D2 /* Main.storyboard */ = {
			isa = PBXVariantGroup;
			children = (
				CB6962641F126E2F00DF54D2 /* Base */,
			);
			name = Main.storyboard;
			sourceTree = "<group>";
		};
		CB6962681F126E2F00DF54D2 /* LaunchScreen.storyboard */ = {
			isa = PBXVariantGroup;
			children = (
				CB6962691F126E2F00DF54D2 /* Base */,
			);
			name = LaunchScreen.storyboard;
			sourceTree = "<group>";
		};
/* End PBXVariantGroup section */

/* Begin XCBuildConfiguration section */
		CB69626C1F126E2F00DF54D2 /* Debug */ = {
			isa = XCBuildConfiguration;
			buildSettings = {
				ALWAYS_SEARCH_USER_PATHS = NO;
				CLANG_ANALYZER_NONNULL = YES;
				CLANG_ANALYZER_NUMBER_OBJECT_CONVERSION = YES_AGGRESSIVE;
				CLANG_CXX_LANGUAGE_STANDARD = "gnu++0x";
				CLANG_CXX_LIBRARY = "libc++";
				CLANG_ENABLE_MODULES = YES;
				CLANG_ENABLE_OBJC_ARC = YES;
				CLANG_WARN_BOOL_CONVERSION = YES;
				CLANG_WARN_CONSTANT_CONVERSION = YES;
				CLANG_WARN_DIRECT_OBJC_ISA_USAGE = YES_ERROR;
				CLANG_WARN_DOCUMENTATION_COMMENTS = YES;
				CLANG_WARN_EMPTY_BODY = YES;
				CLANG_WARN_ENUM_CONVERSION = YES;
				CLANG_WARN_INFINITE_RECURSION = YES;
				CLANG_WARN_INT_CONVERSION = YES;
				CLANG_WARN_OBJC_ROOT_CLASS = YES_ERROR;
				CLANG_WARN_SUSPICIOUS_MOVE = YES;
				CLANG_WARN_UNREACHABLE_CODE = YES;
				CLANG_WARN__DUPLICATE_METHOD_MATCH = YES;
				"CODE_SIGN_IDENTITY[sdk=iphoneos*]" = "iPhone Developer";
				COPY_PHASE_STRIP = NO;
				DEBUG_INFORMATION_FORMAT = dwarf;
				ENABLE_STRICT_OBJC_MSGSEND = YES;
				ENABLE_TESTABILITY = YES;
				GCC_C_LANGUAGE_STANDARD = gnu99;
				GCC_DYNAMIC_NO_PIC = NO;
				GCC_NO_COMMON_BLOCKS = YES;
				GCC_OPTIMIZATION_LEVEL = 0;
				GCC_PREPROCESSOR_DEFINITIONS = (
					"DEBUG=1",
					"$(inherited)",
				);
				GCC_WARN_64_TO_32_BIT_CONVERSION = YES;
				GCC_WARN_ABOUT_RETURN_TYPE = YES_ERROR;
				GCC_WARN_UNDECLARED_SELECTOR = YES;
				GCC_WARN_UNINITIALIZED_AUTOS = YES_AGGRESSIVE;
				GCC_WARN_UNUSED_FUNCTION = YES;
				GCC_WARN_UNUSED_VARIABLE = YES;
				IPHONEOS_DEPLOYMENT_TARGET = 8.0;
				MTL_ENABLE_DEBUG_INFO = YES;
				ONLY_ACTIVE_ARCH = YES;
				SDKROOT = iphoneos;
				TARGETED_DEVICE_FAMILY = "1,2";
			};
			name = Debug;
		};
		CB69626D1F126E2F00DF54D2 /* Release */ = {
			isa = XCBuildConfiguration;
			buildSettings = {
				ALWAYS_SEARCH_USER_PATHS = NO;
				CLANG_ANALYZER_NONNULL = YES;
				CLANG_ANALYZER_NUMBER_OBJECT_CONVERSION = YES_AGGRESSIVE;
				CLANG_CXX_LANGUAGE_STANDARD = "gnu++0x";
				CLANG_CXX_LIBRARY = "libc++";
				CLANG_ENABLE_MODULES = YES;
				CLANG_ENABLE_OBJC_ARC = YES;
				CLANG_WARN_BOOL_CONVERSION = YES;
				CLANG_WARN_CONSTANT_CONVERSION = YES;
				CLANG_WARN_DIRECT_OBJC_ISA_USAGE = YES_ERROR;
				CLANG_WARN_DOCUMENTATION_COMMENTS = YES;
				CLANG_WARN_EMPTY_BODY = YES;
				CLANG_WARN_ENUM_CONVERSION = YES;
				CLANG_WARN_INFINITE_RECURSION = YES;
				CLANG_WARN_INT_CONVERSION = YES;
				CLANG_WARN_OBJC_ROOT_CLASS = YES_ERROR;
				CLANG_WARN_SUSPICIOUS_MOVE = YES;
				CLANG_WARN_UNREACHABLE_CODE = YES;
				CLANG_WARN__DUPLICATE_METHOD_MATCH = YES;
				"CODE_SIGN_IDENTITY[sdk=iphoneos*]" = "iPhone Developer";
				COPY_PHASE_STRIP = NO;
				DEBUG_INFORMATION_FORMAT = "dwarf-with-dsym";
				ENABLE_NS_ASSERTIONS = NO;
				ENABLE_STRICT_OBJC_MSGSEND = YES;
				GCC_C_LANGUAGE_STANDARD = gnu99;
				GCC_NO_COMMON_BLOCKS = YES;
				GCC_WARN_64_TO_32_BIT_CONVERSION = YES;
				GCC_WARN_ABOUT_RETURN_TYPE = YES_ERROR;
				GCC_WARN_UNDECLARED_SELECTOR = YES;
				GCC_WARN_UNINITIALIZED_AUTOS = YES_AGGRESSIVE;
				GCC_WARN_UNUSED_FUNCTION = YES;
				GCC_WARN_UNUSED_VARIABLE = YES;
				IPHONEOS_DEPLOYMENT_TARGET = 8.0;
				MTL_ENABLE_DEBUG_INFO = NO;
				SDKROOT = iphoneos;
				TARGETED_DEVICE_FAMILY = "1,2";
				VALIDATE_PRODUCT = YES;
			};
			name = Release;
		};
		CB69626F1F126E2F00DF54D2 /* Debug */ = {
			isa = XCBuildConfiguration;
			buildSettings = {
				ASSETCATALOG_COMPILER_APPICON_NAME = AppIcon;
				DEVELOPMENT_TEAM = F9N98X7P4L;
				FRAMEWORK_SEARCH_PATHS = (
					"$(inherited)",
					"$(PROJECT_DIR)/FDOpenCVDemo/OpenCV",
				);
				GCC_PREFIX_HEADER = $SRCROOT/FDOpenCVDemo/PrefixHeader.pch;
				INFOPLIST_FILE = FDOpenCVDemo/Info.plist;
				LD_RUNPATH_SEARCH_PATHS = "$(inherited) @executable_path/Frameworks";
				OTHER_CFLAGS = "";
				OTHER_CODE_SIGN_FLAGS = "--deep";
				OTHER_LDFLAGS = "-ObjC";
				PRODUCT_BUNDLE_IDENTIFIER = me.fandong.FDOpenCVDemo;
				PRODUCT_NAME = "$(TARGET_NAME)";
			};
			name = Debug;
		};
		CB6962701F126E2F00DF54D2 /* Release */ = {
			isa = XCBuildConfiguration;
			buildSettings = {
				ASSETCATALOG_COMPILER_APPICON_NAME = AppIcon;
				DEVELOPMENT_TEAM = F9N98X7P4L;
				FRAMEWORK_SEARCH_PATHS = (
					"$(inherited)",
					"$(PROJECT_DIR)/FDOpenCVDemo/OpenCV",
				);
				GCC_PREFIX_HEADER = $SRCROOT/FDOpenCVDemo/PrefixHeader.pch;
				INFOPLIST_FILE = FDOpenCVDemo/Info.plist;
				LD_RUNPATH_SEARCH_PATHS = "$(inherited) @executable_path/Frameworks";
				OTHER_CFLAGS = "";
				OTHER_CODE_SIGN_FLAGS = "--deep";
				OTHER_LDFLAGS = "-ObjC";
				PRODUCT_BUNDLE_IDENTIFIER = me.fandong.FDOpenCVDemo;
				PRODUCT_NAME = "$(TARGET_NAME)";
			};
			name = Release;
		};
/* End XCBuildConfiguration section */

/* Begin XCConfigurationList section */
		CB6962521F126E2F00DF54D2 /* Build configuration list for PBXProject "FDOpenCVDemo" */ = {
			isa = XCConfigurationList;
			buildConfigurations = (
				CB69626C1F126E2F00DF54D2 /* Debug */,
				CB69626D1F126E2F00DF54D2 /* Release */,
			);
			defaultConfigurationIsVisible = 0;
			defaultConfigurationName = Release;
		};
		CB69626E1F126E2F00DF54D2 /* Build configuration list for PBXNativeTarget "FDOpenCVDemo" */ = {
			isa = XCConfigurationList;
			buildConfigurations = (
				CB69626F1F126E2F00DF54D2 /* Debug */,
				CB6962701F126E2F00DF54D2 /* Release */,
			);
			defaultConfigurationIsVisible = 0;
			defaultConfigurationName = Release;
		};
/* End XCConfigurationList section */
	};
	rootObject = CB69624F1F126E2F00DF54D2 /* Project object */;
}
